# This file is automatically @generated by Cargo.
# It is not intended for manual editing.
[[package]]
name = "ping_ip"
version = "0.1.0"
dependencies = [
 "pipeliner 0.1.1 (registry+https://github.com/rust-lang/crates.io-index)",
]

[[package]]
name = "pipeliner"
version = "0.1.1"
source = "registry+https://github.com/rust-lang/crates.io-index"

[metadata]
"checksum pipeliner 0.1.1 (registry+https://github.com/rust-lang/crates.io-index)" = "c65cbe097ddbf8099ac593aa7bfa4ae1204229e36db2261b0af5efab582516d5"
